name: Room Navigation Lock

on:
  push:
    paths:
      - .github/workflows/room-navigation-lock.yml

permissions:
  contents: write

jobs:
  lock-room-navigation:
    runs-on: ubuntu-latest
    steps:
      - uses: actions/checkout@v4
        with:
          fetch-depth: 0
      - name: Apply exact Room navigation patch
        shell: bash
        run: |
          echo 'ZnJvbSBwYXRobGliIGltcG9ydCBQYXRoCgpkZWYgcmVwbGFjZV9vbmNlKHBhdGgsIG9sZCwgbmV3KToKICAgIHAgPSBQYXRoKHBhdGgpCiAgICB0ZXh0ID0gcC5yZWFkX3RleHQoKQogICAgaWYgb2xkIG5vdCBpbiB0ZXh0OgogICAgICAgIHJhaXNlIFN5c3RlbUV4aXQoZiJFeHBlY3RlZCBibG9jayBub3QgZm91bmQgaW4ge3BhdGh9IikKICAgIHAud3JpdGVfdGV4dCh0ZXh0LnJlcGxhY2Uob2xkLCBuZXcsIDEpKQoKaW5kZXggPSAic29uZ19idWlsZGVyL3RlbXBsYXRlcy9zb25nX2J1aWxkZXIvaW5kZXguaHRtbCIKYW5hbHl6ZSA9ICJzb25nX2J1aWxkZXIvdGVtcGxhdGVzL3NvbmdfYnVpbGRlci9hbmFseXplLmh0bWwiCndvcmtmbG93ID0gInNvbmdfYnVpbGRlci90ZW1wbGF0ZXMvc29uZ19idWlsZGVyL3dvcmtmbG93Lmh0bWwiCgpyZXBsYWNlX29uY2UoaW5kZXgsICIiIiAgPGhlYWRlciBjbGFzcz0ic2l0ZS1iYXIiPgogICAgPGEgY2xhc3M9ImJyYW5kIiBocmVmPSJ7eyBidWlsZGVyX2Jhc2VfdXJsIH19LyIgYXJpYS1sYWJlbD0iVGhlIFJvb20gcHJvamVjdHMiPjxzcGFuIGNsYXNzPSJyb29tLWJyYW5kLWNyb3AiPjxpbWcgc3JjPSJ7eyBidWlsZGVyX2Fzc2V0c191cmwgfX11aS9pbWFnZXMvdGhlLXJvb20tYXBwcm92ZWQucG5nIiBhbHQ9IlRoZSBSb29tIGJ5IFN0cmVldCBCYW5rZXIiPjwvc3Bhbj48L2E+CiAgICA8YSBjbGFzcz0iYmFjay1saW5rIiBocmVmPSJ7eyBidWlsZGVyX2Jhc2VfdXJsIH19L2FuYWx5emUiIHRhcmdldD0iX2JsYW5rIiByZWw9Im5vb3BlbmVyIj5BbmFseXplICZhbXA7IEltcHJvdmUg4oaXP C9hPgogICAgPGEgY2xhc3M9ImJhY2stbGluayIgaHJlZj0ie3sgcmV0dXJuX3VybCB9fSI+QmFjayB0byBOb2lzZSBMYWI8L2E+CiAgPC9oZWFkZXI+IiIiLCAiIiIgIDxoZWFkZXIgY2xhc3M9InNpdGUtYmFyIj4KICAgIDxhIGNsYXNzPSJicmFuZCIgaHJlZj0ie3sgYnVpbGRlcl9iYXNlX3VybCB9fS8iIGFyaWEtbGFiZWw9IlRoZSBSb29tIHByb2plY3RzIj48c3BhbiBjbGFzcz0icm9vbS1icmFuZC1jcm9wIj48aW1nIHNyYz0ie3sgYnVpbGRlcl9hc3NldHNfdXJsIH19dWkvaW1hZ2VzL3RoZS1yb29tLWFwcHJvdmVkLnBuZyIgYWx0PSJUaGUgUm9vbSBieSBTdHJlZXQgQmFua2VyIj48L3NwYW4+PC9hPgogICAgPG5hdiBhcmlhLWxhYmVsPSJUaGUgUm9vbSB0b29scyIgc3R5bGU9ImRpc3BsYXk6ZmxleDthbGlnbi1pdGVtczpjZW50ZXI7anVzdGlmeS1jb250ZW50OmZsZXgtZW5kO2dhcDouNDVyZW07ZmxleDoxO2ZsZXgtd3JhcDp3cmFwIj4KICAgICAgPGEgY2xhc3M9ImJhY2stbGluayIgaHJlZj0ie3sgYnVpbGRlcl9iYXNlX3VybCB9fS8iPlN0dWRpbzwvYT4KICAgICAgPGEgY2xhc3M9ImJhY2stbGluayIgaHJlZj0ie3sgYnVpbGRlcl9iYXNlX3VybCB9fS9hbmFseXplI3NvdW5kLWRuYSI+U291bmQgRE5BPC9hPgogICAgICA8YSBjbGFzcz0iYmFjay1saW5rIiBocmVmPSJ7eyBidWlsZGVyX2Jhc2VfdXJsIH19L2FuYWx5emUjaW1wcm92ZS10cmFjayI+SW1wcm92ZSBNeSBUcmFjazwvYT4KICAgICAgPGEgY2xhc3M9ImJhY2stbGluayIgaHJlZj0ie3sgYnVpbGRlcl9iYXNlX3VybCB9fS9hbmFseXplI3JlcG9ydHMtaGVhZGluZyI+VGVtcG8gJmFtcDsgS2V5IExhYjwvYT4KICAgICAgPGEgY2xhc3M9ImJhY2stbGluayIgaHJlZj0ie3sgYnVpbGRlcl9iYXNlX3VybCB9fS93b3JrZmxvdyI+UHJvIFdvcmtmbG93PC9hPgogICAgICA8YSBjbGFzcz0iYmFjay1saW5rIiBocmVmPSIjc2Vzc2lvbi10ZWFtIj5Db2xsYWJvcmF0ZSArIExpc3RlbjwvYT4KICAgIDwvbmF2PgogICAgPGEgY2xhc3M9ImJhY2stbGluayIgaHJlZj0ie3sgcmV0dXJuX3VybCB9fSI+Tm9pc2UgTGFiPC9hPgogIDwvaGVhZGVyPiIiIikKCnJlcGxhY2Vfb25jZShpbmRleCwgIjwvYm9keT4iLCAiIiIgIDxzY3JpcHQ+CiAgICBpZiAod2luZG93LmxvY2F0aW9uLmhhc2ggPT09ICcjc2Vzc2lvbi10ZWFtJykgewogICAgICBjb25zdCBwYW5lbCA9IGRvY3VtZW50LmdldEVsZW1lbnRCeUlkKCdzZXNzaW9uLXRlYW0nKTsKICAgICAgaWYgKHBhbmVsKSBwYW5lbC5vcGVuID0gdHJ1ZTsKICAgIH0KICA8L3NjcmlwdD4KPC9ib2R5PiIiIikKCnJlcGxhY2Vfb25jZShhbmFseXplLCAiIiI8aGVhZGVyIGNsYXNzPSJzaXRlLWJhciI+CiAgPGEgaHJlZj0ie3sgYnVpbGRlcl9iYXNlX3VybCB9fS8iIGNsYXNzPSJ3b3JkbWFyayI+PHNwYW4gY2xhc3M9InJvb20tYnJhbmQtY3JvcCI+PGltZyBzcmM9Int7IGJ1aWxkZXJfYXNzZXRzX3VybCB9fXVpL2ltYWdlcy90aGUtcm9vbS1hcHByb3ZlZC5wbmciIGFsdD0iVGhlIFJvb20gYnkgU3RyZWV0IEJhbmtlciIgd2lkdGg9IjE1MzYiIGhlaWdodD0iMTAyNCI+PC9zcGFuPjwvYT4KICA8c3BhbiBjbGFzcz0iaGVhZGVyLXRpdGxlIj5BbmFseXplICZhbXA7IEltcHJvdmU8L3NwYW4+CiAgPGEgaHJlZj0ie3sgYnVpbGRlcl9iYXNlX3VybCB9fS8iIGNsYXNzPSJlZGl0b3ItbGluayI+U29uZyBlZGl0b3IgPHN2ZyBjbGFzcz0iaWNvbiIgYXJpYS1oaWRkZW49InRydWUiPjx1c2UgaHJlZj0iI2ljb24tYXJyb3ciLz48L3N2Zz48L2E+CjwvaGVhZGVyPiIiIiwgIiIiPGhlYWRlciBjbGFzcz0ic2l0ZS1iYXIiPgogIDxhIGhyZWY9Int7IGJ1aWxkZXJfYmFzZV91cmwgfX0vIiBjbGFzcz0id29yZG1hcmsiPjxzcGFuIGNsYXNzPSJyb29tLWJyYW5kLWNyb3AiPjxpbWcgc3JjPSJ7eyBidWlsZGVyX2Fzc2V0c191cmwgfX11aS9pbWFnZXMvdGhlLXJvb20tYXBwcm92ZWQucG5nIiBhbHQ9IlRoZSBSb29tIGJ5IFN0cmVldCBCYW5rZXIiIHdpZHRoPSIxNTM2IiBoZWlnaHQ9IjEwMjQiPjwvc3Bhbj48L2E+CiAgPHNwYW4gY2xhc3M9ImhlYWRlci10aXRsZSI+QW5hbHl6ZSAmYW1wOyBJbXByb3ZlPC9zcGFuPgogIDxuYXYgYXJpYS1sYWJlbD0iVGhlIFJvb20gdG9vbHMiIHN0eWxlPSJkaXNwbGF5OmZsZXg7YWxpZ24taXRlbXM6Y2VudGVyO2p1c3RpZnktY29udGVudDpmbGV4LWVuZDtnYXA6LjQ1cmVtO2ZsZXg6MTtmbGV4LXdyYXA6d3JhcCI+CiAgICA8YSBocmVmPSJ7eyBidWlsZGVyX2Jhc2VfdXJsIH19LyIgY2xhc3M9ImVkaXRvci1saW5rIj5TdHVkaW88L2E+CiAgICA8YSBocmVmPSJ7eyBidWlsZGVyX2Jhc2VfdXJsIH19L2FuYWx5emUjc291bmQtZG5hIiBjbGFzcz0iZWRpdG9yLWxpbmsiPlNvdW5kIEROQTwvYT4KICAgIDxhIGhyZWY9Int7IGJ1aWxkZXJfYmFzZV91cmwgfX0vYW5hbHl6ZSNpbXByb3ZlLXRyYWNrIiBjbGFzcz0iZWRpdG9yLWxpbmsiPkltcHJvdmUgTXkgVHJhY2s8L2E+CiAgICA8YSBocmVmPSJ7eyBidWlsZGVyX2Jhc2VfdXJsIH19L2FuYWx5emUjcmVwb3J0cy1oZWFkaW5nIiBjbGFzcz0iZWRpdG9yLWxpbmsiPlRlbXBvICZhbXA7IEtleSBMYWI8L2E+CiAgICA8YSBocmVmPSJ7eyBidWlsZGVyX2Jhc2VfdXJsIH19L3dvcmtmbG93IiBjbGFzcz0iZWRpdG9yLWxpbmsiPlBybyBXb3JrZmxvdzwvYT4KICAgIDxhIGhyZWY9Int7IGJ1aWxkZXJfYmFzZV91cmwgfX0vI3Nlc3Npb24tdGVhbSIgY2xhc3M9ImVkaXRvci1saW5rIj5Db2xsYWJvcmF0ZSArIExpc3RlbjwvYT4KICA8L25hdj4KPC9oZWFkZXI+IiIiKQoKcmVwbGFjZV9vbmNlKGFuYWx5emUsCiAgICAnPGxhYmVsIGNsYXNzPSJjaGVjayI+PGlucHV0IHR5cGU9InJhZGlvIiBuYW1lPSJtb2RlIiB2YWx1ZT0iZG5hIiBjaGVja2VkPicsCiAgICAnPGxhYmVsIGlkPSJzb3VuZC1kbmEiIGNsYXNzPSJjaGVjayI+PGlucHV0IHR5cGU9InJhZGlvIiBuYW1lPSJtb2RlIiB2YWx1ZT0iZG5hIiBjaGVja2VkPicpCnJlcGxhY2Vfb25jZShhbmFseXplLAogICAgJzxsYWJlbCBjbGFzcz0iY2hlY2siPjxpbnB1dCB0eXBlPSJyYWRpbyIgbmFtZT0ibW9kZSIgdmFsdWU9ImltcHJvdmUiPicsCiAgICAnPGxhYmVsIGlkPSJpbXByb3ZlLXRyYWNrIiBjbGFzcz0iY2hlY2siPjxpbnB1dCB0eXBlPSJyYWRpbyIgbmFtZT0ibW9kZSIgdmFsdWU9ImltcHJvdmUiPicpCgpyZXBsYWNlX29uY2UoYW5hbHl6ZSwgIjwvYm9keT4iLCAiIiI8c2NyaXB0PgogIHdpbmRvdy5hZGRFdmVudExpc3RlbmVyKCdET01Db250ZW50TG9hZGVkJywgKCkgPT4gewogICAgY29uc3QgbW9kZSA9IHdpbmRvdy5sb2NhdGlvbi5oYXNoID09PSAnI2ltcHJvdmUtdHJhY2snID8gJ2ltcHJvdmUnIDogd2luZG93LmxvY2F0aW9uLmhhc2ggPT09ICcjc291bmQtZG5hJyA/ICdkbmEnIDogbnVsbDsKICAgIGlmICghbW9kZSkgcmV0dXJuOwogICAgY29uc3QgaW5wdXQgPSBkb2N1bWVudC5xdWVyeVNlbGVjdG9yKGBbbmFtZT0ibW9kZSJdW3ZhbHVlPSIke21vZGV9Il1gKTsKICAgIGlmIChpbnB1dCkgewogICAgICBpbnB1dC5jaGVja2VkID0gdHJ1ZTsKICAgICAgaW5wdXQuZGlzcGF0Y2hFdmVudChuZXcgRXZlbnQoJ2NoYW5nZScsIHsgYnViYmxlczogdHJ1ZSB9KSk7CiAgICB9CiAgfSk7Cjwvc2NyaXB0Pgo8L2JvZHk+IiIiKQoKcmVwbGFjZV9vbmNlKHdvcmtmbG93LCAiIiIgIDxoZWFkZXIgY2xhc3M9InRvcGJhciI+CiAgICA8ZGl2PgogICAgICA8YSBjbGFzcz0id29ya2Zsb3ctYnJhbmQiIGhyZWY9Int7IGJ1aWxkZXJfYmFzZV91cmwgfX0vIj48aW1nIHNyYz0ie3sgYnVpbGRlcl9hc3NldHNfdXJsIH19dWkvaW1hZ2VzL3RoZS1yb29tLWFwcHJvdmVkLnBuZyIgYWx0PSJUaGUgUm9vbSBieSBTdHJlZXQgQmFua2VyIj48L2E+CiAgICAgIDxoMT5Qcm8gV29ya2Zsb3c8L2gxPgogICAgPC9kaXY+CiAgICA8YSBjbGFzcz0iYmFjay1saW5rIiBocmVmPSJ7eyBidWlsZGVyX2Jhc2VfdXJsIH19LyI+QmFjayB0byBlZGl0b3I8L2E+CiAgPC9oZWFkZXI+IiIiLCAiIiIgIDxoZWFkZXIgY2xhc3M9InRvcGJhciI+CiAgICA8ZGl2PgogICAgICA8YSBjbGFzcz0id29ya2Zsb3ctYnJhbmQiIGhyZWY9Int7IGJ1aWxkZXJfYmFzZV91cmwgfX0vIj48aW1nIHNyYz0ie3sgYnVpbGRlcl9hc3NldHNfdXJsIH19dWkvaW1hZ2VzL3RoZS1yb29tLWFwcHJvdmVkLnBuZyIgYWx0PSJUaGUgUm9vbSBieSBTdHJlZXQgQmFua2VyIj48L2E+CiAgICAgIDxoMT5Qcm8gV29ya2Zsb3c8L2gxPgogICAgPC9kaXY+CiAgICA8bmF2IGFyaWEtbGFiZWw9IlRoZSBSb29tIHRvb2xzIiBzdHlsZT0iZGlzcGxheTpmbGV4O2FsaWduLWl0ZW1zOmNlbnRlcjtqdXN0aWZ5LWNvbnRlbnQ6ZmxleC1lbmQ7Z2FwOi40NXJlbTtmbGV4LXdyYXA6d3JhcCI+CiAgICAgIDxhIGNsYXNzPSJiYWNrLWxpbmsiIGhyZWY9Int7IGJ1aWxkZXJfYmFzZV91cmwgfX0vIj5TdHVkaW88L2E+CiAgICAgIDxhIGNsYXNzPSJiYWNrLWxpbmsiIGhyZWY9Int7IGJ1aWxkZXJfYmFzZV91cmwgfX0vYW5hbHl6ZSNzb3VuZC1kbmEiPlNvdW5kIEROQTwvYT4KICAgICAgPGEgY2xhc3M9ImJhY2stbGluayIgaHJlZj0ie3sgYnVpbGRlcl9iYXNlX3VybCB9fS9hbmFseXplI2ltcHJvdmUtdHJhY2siPkltcHJvdmUgTXkgVHJhY2s8L2E+CiAgICAgIDxhIGNsYXNzPSJiYWNrLWxpbmsiIGhyZWY9Int7IGJ1aWxkZXJfYmFzZV91cmwgfX0vYW5hbHl6ZSNyZXBvcnRzLWhlYWRpbmciPlRlbXBvICZhbXA7IEtleSBMYWI8L2E+CiAgICAgIDxhIGNsYXNzPSJiYWNrLWxpbmsiIGhyZWY9Int7IGJ1aWxkZXJfYmFzZV91cmwgfX0vd29ya2Zsb3ciPlBybyBXb3JrZmxvdzwvYT4KICAgICAgPGEgY2xhc3M9ImJhY2stbGluayIgaHJlZj0ie3sgYnVpbGRlcl9iYXNlX3VybCB9fS8jc2Vzc2lvbi10ZWFtIj5Db2xsYWJvcmF0ZSArIExpc3RlbjwvYT4KICAgIDwvbmF2PgogIDwvaGVhZGVyPiIiIikKCm1hbmlmZXN0ID0gUGF0aCgiZG9jcy9zb25nLWJ1aWxkZXIvUFJFU0VSVkFUSU9OLTIwMjYwOTA5LU5BVi1MT0NLLm1kIikKbWFuaWZlc3Qud3JpdGVfdGV4dCgiIiIjIFRoZSBSb29tIHByZXNlcnZhdGlvbiBjaGVja3BvaW50IOKAlCAyMDI2LTA5LTA5CgpUaGlzIGNoZWNrcG9pbnQgd2FzIGNyZWF0ZWQgYmVmb3JlIGZ1cnRoZXIgUm9vbSBwcm9kdWN0IHdvcmsuCgojIyBQcmVzZXJ2ZWQgcHJlLW5hdmlnYXRpb24gc3RhdGUKCi0gQnJhbmNoOiBgcHJlc2VydmUtcm9vbS0yMDI2LTA5LTA5LWJlZm9yZS1uYXYtbG9ja2AKLSBDb21taXQ6IGAxYTA5ZjQzN2Y5YzkzMmU3ZmVmMzZjZjE3YjFkMjFiMGI2NmUwOTdlYAoKIyMgTG9ja2VkIFJvb20gbmF2aWdhdGlvbgoKVGhlIFJvb20ga2VlcHMgdGhlc2UgZXhpc3Rpbmcgc3VyZmFjZXMgdmlzaWJseSByZWFjaGFibGUgd2l0aG91dCBkdXBsaWNhdGluZyBvciBtb3ZpbmcgdGhlaXIgdW5kZXJseWluZyBsb2dpYzoKCi0gU3R1ZGlvIC8gc29uZyBlZGl0b3IKLSBTb3VuZCBETkEgKGluc2lkZSBBbmFseXplICYgSW1wcm92ZSkKLSBJbXByb3ZlIE15IFRyYWNrIChpbnNpZGUgQW5hbHl6ZSAmIEltcHJvdmUpCi0gVGVtcG8gJiBLZXkgTGFiIChpbnNpZGUgYW5hbHlzaXMgcmVzdWx0cykKLSBQcm8gV29ya2Zsb3cgKHRyYWNrIGdyb3Vwcywgc2VjdGlvbiBzY2VuZXMsIHRha2VzL2NvbXBhcmlzb24sIGNsaXAgcHJvdGVjdGlvbikKLSBDb2xsYWJvcmF0ZSArIExpc3RlbiAoY29sbGFib3JhdGlvbiwgaG9zdGVkIGxpc3RlbmluZywgdGltZXN0YW1wZWQgZmVlZGJhY2spCgojIyBQcmVzZXJ2YXRpb24gcnVsZQoKVGhpcyBjaGFuZ2UgaXMgbmF2aWdhdGlvbi1vbmx5LiBJdCBtdXN0IG5vdCByZXBsYWNlIG9yIHJlZGVzaWduIFJvb20gYXVkaW8sIGFuYWx5c2lzLCBwcm9qZWN0IHBlcnNpc3RlbmNlLCBjb2xsYWJvcmF0aW9uLCBsaXN0ZW5pbmcsIHdvcmtmbG93IG1ldGFkYXRhLCBOb2lzZSBMYWIsIFJlYWNoLCBkYXRhYmFzZSwgb3Igc3RvcmFnZSBiZWhhdmlvci4gVGhlIGdpdCBjb21taXQgY29udGFpbmluZyB0aGlzIGZpbGUgaXMgdGhlIHBvc3QtbmF2aWdhdGlvbiBsb2NrZWQgc3RhdGUgYW5kIHNob3VsZCBiZSBwcmVzZXJ2ZWQgYXMgYSByb2xsYmFjayBjaGVja3BvaW50IGJlZm9yZSBuZXcgZmVhdHVyZSB3b3JrLgoiIiIpCgpyZXF1aXJlZCA9IHsKICAgIGluZGV4OiBbIlNvdW5kIEROQSIsICJJbXByb3ZlIE15IFRyYWNrIiwgIlRlbXBvICZhbXA7IEtleSBMYWIiLCAiUHJvIFdvcmtmbG93IiwgIkNvbGxhYm9yYXRlICsgTGlzdGVuIl0sCiAgICBhbmFseXplOiBbJ2lkPSJzb3VuZC1kbmEiJywgJ2lkPSJpbXByb3ZlLXRyYWNrIicsICJQcm8gV29ya2Zsb3ciLCAiQ29sbGFib3JhdGUgKyBMaXN0ZW4iXSwKICAgIHdvcmtmbG93OiBbIlNvdW5kIEROQSIsICJJbXByb3ZlIE15IFRyYWNrIiwgIlRlbXBvICZhbXA7IEtleSBMYWIiLCAiQ29sbGFib3JhdGUgKyBMaXN0ZW4iXSwKfQpmb3IgcGF0aCwgdG9rZW5zIGluIHJlcXVpcmVkLml0ZW1zKCk6CiAgICB0ZXh0ID0gUGF0aChwYXRoKS5yZWFkX3RleHQoKQogICAgbWlzc2luZyA9IFt0b2tlbiBmb3IgdG9rZW4gaW4gdG9rZW5zIGlmIHRva2VuIG5vdCBpbiB0ZXh0XQogICAgaWYgbWlzc2luZzoKICAgICAgICByYWlzZSBTeXN0ZW1FeGl0KGYie3BhdGh9IG1pc3Npbmcge21pc3Npbmd9IikK' | tr -d ' ' | base64 -d > /tmp/room-nav-patch.py
          python /tmp/room-nav-patch.py
      - name: Commit locked Room navigation
        shell: bash
        run: |
          git config user.name "street-banker-nav-lock"
          git config user.email "actions@users.noreply.github.com"
          git add song_builder/templates/song_builder/index.html song_builder/templates/song_builder/analyze.html song_builder/templates/song_builder/workflow.html docs/song-builder/PRESERVATION-20260909-NAV-LOCK.md
          git commit -m "Lock Room navigation and preservation checkpoint [room-nav-lock]"
          git push origin HEAD:main
